
Microsoft Visual Studio Solution File, Format Version 12.00
# Visual Studio Version 17
VisualStudioVersion = 17.6.33620.401
MinimumVisualStudioVersion = 10.0.40219.1
Project("{9A19103F-16F7-4668-BE54-9A1E7A4F7556}") = "GarageManagerAPI", "GarageManagerAPI\GarageManagerAPI.csproj", "{C36B8E7E-5A92-4BC7-A297-BAB36E5175B5}"
EndProject
Project("{9A19103F-16F7-4668-BE54-9A1E7A4F7556}") = "GarageManagerTeste", "GarageManagerTeste\GarageManagerTeste.csproj", "{751909D1-790D-4E8E-824B-3446606E8A58}"
EndProject
Project("{9A19103F-16F7-4668-BE54-9A1E7A4F7556}") = "GarageManageWASM", "GarageManageWASM\GarageManageWASM.csproj", "{4FEA4606-CEA3-4204-AED9-8475F31EF9DB}"
EndProject
Project("{FAE04EC0-301F-11D3-BF4B-00C04F79EFBC}") = "GarageManagerRazorLib", "GarageManagerRazorLib\GarageManagerRazorLib.csproj", "{753FC2B1-8DBA-4D3B-839F-954E818F6C59}"
EndProject
Global
	GlobalSection(SolutionConfigurationPlatforms) = preSolution
		Debug|Any CPU = Debug|Any CPU
		Release|Any CPU = Release|Any CPU
	EndGlobalSection
	GlobalSection(ProjectConfigurationPlatforms) = postSolution
		{C36B8E7E-5A92-4BC7-A297-BAB36E5175B5}.Debug|Any CPU.ActiveCfg = Debug|Any CPU
		{C36B8E7E-5A92-4BC7-A297-BAB36E5175B5}.Debug|Any CPU.Build.0 = Debug|Any CPU
		{C36B8E7E-5A92-4BC7-A297-BAB36E5175B5}.Release|Any CPU.ActiveCfg = Release|Any CPU
		{C36B8E7E-5A92-4BC7-A297-BAB36E5175B5}.Release|Any CPU.Build.0 = Release|Any CPU
		{751909D1-790D-4E8E-824B-3446606E8A58}.Debug|Any CPU.ActiveCfg = Debug|Any CPU
		{751909D1-790D-4E8E-824B-3446606E8A58}.Debug|Any CPU.Build.0 = Debug|Any CPU
		{751909D1-790D-4E8E-824B-3446606E8A58}.Release|Any CPU.ActiveCfg = Release|Any CPU
		{751909D1-790D-4E8E-824B-3446606E8A58}.Release|Any CPU.Build.0 = Release|Any CPU
		{4FEA4606-CEA3-4204-AED9-8475F31EF9DB}.Debug|Any CPU.ActiveCfg = Debug|Any CPU
		{4FEA4606-CEA3-4204-AED9-8475F31EF9DB}.Debug|Any CPU.Build.0 = Debug|Any CPU
		{4FEA4606-CEA3-4204-AED9-8475F31EF9DB}.Release|Any CPU.ActiveCfg = Release|Any CPU
		{4FEA4606-CEA3-4204-AED9-8475F31EF9DB}.Release|Any CPU.Build.0 = Release|Any CPU
		{753FC2B1-8DBA-4D3B-839F-954E818F6C59}.Debug|Any CPU.ActiveCfg = Debug|Any CPU
		{753FC2B1-8DBA-4D3B-839F-954E818F6C59}.Debug|Any CPU.Build.0 = Debug|Any CPU
		{753FC2B1-8DBA-4D3B-839F-954E818F6C59}.Release|Any CPU.ActiveCfg = Release|Any CPU
		{753FC2B1-8DBA-4D3B-839F-954E818F6C59}.Release|Any CPU.Build.0 = Release|Any CPU
	EndGlobalSection
	GlobalSection(SolutionProperties) = preSolution
		HideSolutionNode = FALSE
	EndGlobalSection
	GlobalSection(ExtensibilityGlobals) = postSolution
		SolutionGuid = {2504E220-E71D-40D3-B60D-12E17BD6FF93}
	EndGlobalSection
EndGlobal
